[[package]]
name = "django"
version = "4.2.3"
description = "The Web framework for perfectionists with deadlines."
category = "main"
optional = false
python-versions = "^3.8"
source = { type = "pypi", reference = "pypi", resolved_reference = "https://files.pythonhosted.org/packages/b7/f3/a5/django-4.2.3-py3-none-any.whl"}
dependencies = []

[[package]]
name = "psycopg2-binary"
version = "2.9.6"
description = "psycopg2 binary package"
category = "main"
optional = false
python-versions = "*"
source = { type = "pypi", reference = "pypi", resolved_reference = "https://files.pythonhosted.org/packages/e8/cf/dd/psycopg2_binary-2.9.6-cp310-cp310-manylinux_2_17_x86_64.manylinux2014_x86_64.whl"}
dependencies = []

[metadata]
lock-version = "2.0"
python-versions = "^3.8"
content-hash = "..."
categories = {"main": [], "dev": []}
hash = []
packages = []
sources = [{type = "legacy", url = "https://pypi.org/simple/", verify_ssl = true}]

[metadata.files]
django = [
    { file = "Django-4.2.3.tar.gz", hash = "sha256:e..."},
    { file = "django-4.2.3-py3-none-any.whl", hash = "sha256:b..." },
]
psycopg2-binary = [
    { file = "psycopg2_binary-2.9.6-cp310-cp310-manylinux_2_17_x86_64.manylinux2014_x86_64.whl", hash = "sha256:a..." },
]
